# This file is generated by running "yarn install" inside your project.
# Manual changes might be lost - proceed with caution!

__metadata:
  version: 8
  cacheKey: 10c0

"@types/node@npm:^25.6.0":
  version: 25.6.0
  resolution: "@types/node@npm:25.6.0"
  dependencies:
    undici-types: "npm:~7.19.0"
  checksum: 10c0/d2d2015630ff098a201407f55f5077a20270ae4f465c739b40865cd9933b91b9c5d2b85568eadaf3db0801b91e267333ca7eb39f007428b173d1cdab4b339ac5
  languageName: node
  linkType: hard

"root-workspace-0b6124@workspace:.":
  version: 0.0.0-use.local
  resolution: "root-workspace-0b6124@workspace:."
  dependencies:
    "@types/node": "npm:^25.6.0"
  languageName: unknown
  linkType: soft

"undici-types@npm:~7.19.0":
  version: 7.19.2
  resolution: "undici-types@npm:7.19.2"
  checksum: 10c0/7159f10546f9f6c47d36776bb1bbf8671e87c1e587a6fee84ae1f111ae8de4f914efa8ca0dfcd224f4f4a9dfc3f6028f627ccb5ddaccf82d7fd54671b89fac3e
  languageName: node
  linkType: hard
